// !$*UTF8*$!
{
	archiveVersion = 1;
	classes = {
	};
	objectVersion = 46;
	objects = {

/* Begin PBXBuildFile section */
		FA69C6F31D498B8D00D0A0A8 /* AppDelegate.swift in Sources */ = {isa = PBXBuildFile; fileRef = FA69C6F21D498B8D00D0A0A8 /* AppDelegate.swift */; };
		FA69C6F51D498B8D00D0A0A8 /* ViewController.swift in Sources */ = {isa = PBXBuildFile; fileRef = FA69C6F41D498B8D00D0A0A8 /* ViewController.swift */; };
		FA69C6F81D498B8D00D0A0A8 /* Main.storyboard in Resources */ = {isa = PBXBuildFile; fileRef = FA69C6F61D498B8D00D0A0A8 /* Main.storyboard */; };
		FA69C6FA1D498B8D00D0A0A8 /* Assets.xcassets in Resources */ = {isa = PBXBuildFile; fileRef = FA69C6F91D498B8D00D0A0A8 /* Assets.xcassets */; };
		FA69C6FD1D498B8D00D0A0A8 /* LaunchScreen.storyboard in Resources */ = {isa = PBXBuildFile; fileRef = FA69C6FB1D498B8D00D0A0A8 /* LaunchScreen.storyboard */; };
		FA69C7081D498B8D00D0A0A8 /* hamburguesasTests.swift in Sources */ = {isa = PBXBuildFile; fileRef = FA69C7071D498B8D00D0A0A8 /* hamburguesasTests.swift */; };
		FA69C7131D498B8D00D0A0A8 /* hamburguesasUITests.swift in Sources */ = {isa = PBXBuildFile; fileRef = FA69C7121D498B8D00D0A0A8 /* hamburguesasUITests.swift */; };
/* End PBXBuildFile section */

/* Begin PBXContainerItemProxy section */
		FA69C7041D498B8D00D0A0A8 /* PBXContainerItemProxy */ = {
			isa = PBXContainerItemProxy;
			containerPortal = FA69C6E71D498B8D00D0A0A8 /* Project object */;
			proxyType = 1;
			remoteGlobalIDString = FA69C6EE1D498B8D00D0A0A8;
			remoteInfo = hamburguesas;
		};
		FA69C70F1D498B8D00D0A0A8 /* PBXContainerItemProxy */ = {
			isa = PBXContainerItemProxy;
			containerPortal = FA69C6E71D498B8D00D0A0A8 /* Project object */;
			proxyType = 1;
			remoteGlobalIDString = FA69C6EE1D498B8D00D0A0A8;
			remoteInfo = hamburguesas;
		};
/* End PBXContainerItemProxy section */

/* Begin PBXFileReference section */
		FA69C6EF1D498B8D00D0A0A8 /* hamburguesas.app */ = {isa = PBXFileReference; explicitFileType = wrapper.application; includeInIndex = 0; path = hamburguesas.app; sourceTree = BUILT_PRODUCTS_DIR; };
		FA69C6F21D498B8D00D0A0A8 /* AppDelegate.swift */ = {isa = PBXFileReference; lastKnownFileType = sourcecode.swift; path = AppDelegate.swift; sourceTree = "<group>"; };
		FA69C6F41D498B8D00D0A0A8 /* ViewController.swift */ = {isa = PBXFileReference; lastKnownFileType = sourcecode.swift; path = ViewController.swift; sourceTree = "<group>"; };
		FA69C6F71D498B8D00D0A0A8 /* Base */ = {isa = PBXFileReference; lastKnownFileType = file.storyboard; name = Base; path = Base.lproj/Main.storyboard; sourceTree = "<group>"; };
		FA69C6F91D498B8D00D0A0A8 /* Assets.xcassets */ = {isa = PBXFileReference; lastKnownFileType = folder.assetcatalog; path = Assets.xcassets; sourceTree = "<group>"; };
		FA69C6FC1D498B8D00D0A0A8 /* Base */ = {isa = PBXFileReference; lastKnownFileType = file.storyboard; name = Base; path = Base.lproj/LaunchScreen.storyboard; sourceTree = "<group>"; };
		FA69C6FE1D498B8D00D0A0A8 /* Info.plist */ = {isa = PBXFileReference; lastKnownFileType = text.plist.xml; path = Info.plist; sourceTree = "<group>"; };
		FA69C7031D498B8D00D0A0A8 /* hamburguesasTests.xctest */ = {isa = PBXFileReference; explicitFileType = wrapper.cfbundle; includeInIndex = 0; path = hamburguesasTests.xctest; sourceTree = BUILT_PRODUCTS_DIR; };
		FA69C7071D498B8D00D0A0A8 /* hamburguesasTests.swift */ = {isa = PBXFileReference; lastKnownFileType = sourcecode.swift; path = hamburguesasTests.swift; sourceTree = "<group>"; };
		FA69C7091D498B8D00D0A0A8 /* Info.plist */ = {isa = PBXFileReference; lastKnownFileType = text.plist.xml; path = Info.plist; sourceTree = "<group>"; };
		FA69C70E1D498B8D00D0A0A8 /* hamburguesasUITests.xctest */ = {isa = PBXFileReference; explicitFileType = wrapper.cfbundle; includeInIndex = 0; path = hamburguesasUITests.xctest; sourceTree = BUILT_PRODUCTS_DIR; };
		FA69C7121D498B8D00D0A0A8 /* hamburguesasUITests.swift */ = {isa = PBXFileReference; lastKnownFileType = sourcecode.swift; path = hamburguesasUITests.swift; sourceTree = "<group>"; };
		FA69C7141D498B8D00D0A0A8 /* Info.plist */ = {isa = PBXFileReference; lastKnownFileType = text.plist.xml; path = Info.plist; sourceTree = "<group>"; };
/* End PBXFileReference section */

/* Begin PBXFrameworksBuildPhase section */
		FA69C6EC1D498B8D00D0A0A8 /* Frameworks */ = {
			isa = PBXFrameworksBuildPhase;
			buildActionMask = 2147483647;
			files = (
			);
			runOnlyForDeploymentPostprocessing = 0;
		};
		FA69C7001D498B8D00D0A0A8 /* Frameworks */ = {
			isa = PBXFrameworksBuildPhase;
			buildActionMask = 2147483647;
			files = (
			);
			runOnlyForDeploymentPostprocessing = 0;
		};
		FA69C70B1D498B8D00D0A0A8 /* Frameworks */ = {
			isa = PBXFrameworksBuildPhase;
			buildActionMask = 2147483647;
			files = (
			);
			runOnlyForDeploymentPostprocessing = 0;
		};
/* End PBXFrameworksBuildPhase section */

/* Begin PBXGroup section */
		FA69C6E61D498B8D00D0A0A8 = {
			isa = PBXGroup;
			children = (
				FA69C6F11D498B8D00D0A0A8 /* hamburguesas */,
				FA69C7061D498B8D00D0A0A8 /* hamburguesasTests */,
				FA69C7111D498B8D00D0A0A8 /* hamburguesasUITests */,
				FA69C6F01D498B8D00D0A0A8 /* Products */,
			);
			sourceTree = "<group>";
		};
		FA69C6F01D498B8D00D0A0A8 /* Products */ = {
			isa = PBXGroup;
			children = (
				FA69C6EF1D498B8D00D0A0A8 /* hamburguesas.app */,
				FA69C7031D498B8D00D0A0A8 /* hamburguesasTests.xctest */,
				FA69C70E1D498B8D00D0A0A8 /* hamburguesasUITests.xctest */,
			);
			name = Products;
			sourceTree = "<group>";
		};
		FA69C6F11D498B8D00D0A0A8 /* hamburguesas */ = {
			isa = PBXGroup;
			children = (
				FA69C6F21D498B8D00D0A0A8 /* AppDelegate.swift */,
				FA69C6F41D498B8D00D0A0A8 /* ViewController.swift */,
				FA69C6F61D498B8D00D0A0A8 /* Main.storyboard */,
				FA69C6F91D498B8D00D0A0A8 /* Assets.xcassets */,
				FA69C6FB1D498B8D00D0A0A8 /* LaunchScreen.storyboard */,
				FA69C6FE1D498B8D00D0A0A8 /* Info.plist */,
			);
			path = hamburguesas;
			sourceTree = "<group>";
		};
		FA69C7061D498B8D00D0A0A8 /* hamburguesasTests */ = {
			isa = PBXGroup;
			children = (
				FA69C7071D498B8D00D0A0A8 /* hamburguesasTests.swift */,
				FA69C7091D498B8D00D0A0A8 /* Info.plist */,
			);
			path = hamburguesasTests;
			sourceTree = "<group>";
		};
		FA69C7111D498B8D00D0A0A8 /* hamburguesasUITests */ = {
			isa = PBXGroup;
			children = (
				FA69C7121D498B8D00D0A0A8 /* hamburguesasUITests.swift */,
				FA69C7141D498B8D00D0A0A8 /* Info.plist */,
			);
			path = hamburguesasUITests;
			sourceTree = "<group>";
		};
/* End PBXGroup section */

/* Begin PBXNativeTarget section */
		FA69C6EE1D498B8D00D0A0A8 /* hamburguesas */ = {
			isa = PBXNativeTarget;
			buildConfigurationList = FA69C7171D498B8D00D0A0A8 /* Build configuration list for PBXNativeTarget "hamburguesas" */;
			buildPhases = (
				FA69C6EB1D498B8D00D0A0A8 /* Sources */,
				FA69C6EC1D498B8D00D0A0A8 /* Frameworks */,
				FA69C6ED1D498B8D00D0A0A8 /* Resources */,
			);
			buildRules = (
			);
			dependencies = (
			);
			name = hamburguesas;
			productName = hamburguesas;
			productReference = FA69C6EF1D498B8D00D0A0A8 /* hamburguesas.app */;
			productType = "com.apple.product-type.application";
		};
		FA69C7021D498B8D00D0A0A8 /* hamburguesasTests */ = {
			isa = PBXNativeTarget;
			buildConfigurationList = FA69C71A1D498B8D00D0A0A8 /* Build configuration list for PBXNativeTarget "hamburguesasTests" */;
			buildPhases = (
				FA69C6FF1D498B8D00D0A0A8 /* Sources */,
				FA69C7001D498B8D00D0A0A8 /* Frameworks */,
				FA69C7011D498B8D00D0A0A8 /* Resources */,
			);
			buildRules = (
			);
			dependencies = (
				FA69C7051D498B8D00D0A0A8 /* PBXTargetDependency */,
			);
			name = hamburguesasTests;
			productName = hamburguesasTests;
			productReference = FA69C7031D498B8D00D0A0A8 /* hamburguesasTests.xctest */;
			productType = "com.apple.product-type.bundle.unit-test";
		};
		FA69C70D1D498B8D00D0A0A8 /* hamburguesasUITests */ = {
			isa = PBXNativeTarget;
			buildConfigurationList = FA69C71D1D498B8D00D0A0A8 /* Build configuration list for PBXNativeTarget "hamburguesasUITests" */;
			buildPhases = (
				FA69C70A1D498B8D00D0A0A8 /* Sources */,
				FA69C70B1D498B8D00D0A0A8 /* Frameworks */,
				FA69C70C1D498B8D00D0A0A8 /* Resources */,
			);
			buildRules = (
			);
			dependencies = (
				FA69C7101D498B8D00D0A0A8 /* PBXTargetDependency */,
			);
			name = hamburguesasUITests;
			productName = hamburguesasUITests;
			productReference = FA69C70E1D498B8D00D0A0A8 /* hamburguesasUITests.xctest */;
			productType = "com.apple.product-type.bundle.ui-testing";
		};
/* End PBXNativeTarget section */

/* Begin PBXProject section */
		FA69C6E71D498B8D00D0A0A8 /* Project object */ = {
			isa = PBXProject;
			attributes = {
				LastSwiftUpdateCheck = 0730;
				LastUpgradeCheck = 0730;
				ORGANIZATIONNAME = "Rodrigo Velazquez";
				TargetAttributes = {
					FA69C6EE1D498B8D00D0A0A8 = {
						CreatedOnToolsVersion = 7.3.1;
					};
					FA69C7021D498B8D00D0A0A8 = {
						CreatedOnToolsVersion = 7.3.1;
						TestTargetID = FA69C6EE1D498B8D00D0A0A8;
					};
					FA69C70D1D498B8D00D0A0A8 = {
						CreatedOnToolsVersion = 7.3.1;
						TestTargetID = FA69C6EE1D498B8D00D0A0A8;
					};
				};
			};
			buildConfigurationList = FA69C6EA1D498B8D00D0A0A8 /* Build configuration list for PBXProject "hamburguesas" */;
			compatibilityVersion = "Xcode 3.2";
			developmentRegion = English;
			hasScannedForEncodings = 0;
			knownRegions = (
				en,
				Base,
			);
			mainGroup = FA69C6E61D498B8D00D0A0A8;
			productRefGroup = FA69C6F01D498B8D00D0A0A8 /* Products */;
			projectDirPath = "";
			projectRoot = "";
			targets = (
				FA69C6EE1D498B8D00D0A0A8 /* hamburguesas */,
				FA69C7021D498B8D00D0A0A8 /* hamburguesasTests */,
				FA69C70D1D498B8D00D0A0A8 /* hamburguesasUITests */,
			);
		};
/* End PBXProject section */

/* Begin PBXResourcesBuildPhase section */
		FA69C6ED1D498B8D00D0A0A8 /* Resources */ = {
			isa = PBXResourcesBuildPhase;
			buildActionMask = 2147483647;
			files = (
				FA69C6FD1D498B8D00D0A0A8 /* LaunchScreen.storyboard in Resources */,
				FA69C6FA1D498B8D00D0A0A8 /* Assets.xcassets in Resources */,
				FA69C6F81D498B8D00D0A0A8 /* Main.storyboard in Resources */,
			);
			runOnlyForDeploymentPostprocessing = 0;
		};
		FA69C7011D498B8D00D0A0A8 /* Resources */ = {
			isa = PBXResourcesBuildPhase;
			buildActionMask = 2147483647;
			files = (
			);
			runOnlyForDeploymentPostprocessing = 0;
		};
		FA69C70C1D498B8D00D0A0A8 /* Resources */ = {
			isa = PBXResourcesBuildPhase;
			buildActionMask = 2147483647;
			files = (
			);
			runOnlyForDeploymentPostprocessing = 0;
		};
/* End PBXResourcesBuildPhase section */

/* Begin PBXSourcesBuildPhase section */
		FA69C6EB1D498B8D00D0A0A8 /* Sources */ = {
			isa = PBXSourcesBuildPhase;
			buildActionMask = 2147483647;
			files = (
				FA69C6F51D498B8D00D0A0A8 /* ViewController.swift in Sources */,
				FA69C6F31D498B8D00D0A0A8 /* AppDelegate.swift in Sources */,
			);
			runOnlyForDeploymentPostprocessing = 0;
		};
		FA69C6FF1D498B8D00D0A0A8 /* Sources */ = {
			isa = PBXSourcesBuildPhase;
			buildActionMask = 2147483647;
			files = (
				FA69C7081D498B8D00D0A0A8 /* hamburguesasTests.swift in Sources */,
			);
			runOnlyForDeploymentPostprocessing = 0;
		};
		FA69C70A1D498B8D00D0A0A8 /* Sources */ = {
			isa = PBXSourcesBuildPhase;
			buildActionMask = 2147483647;
			files = (
				FA69C7131D498B8D00D0A0A8 /* hamburguesasUITests.swift in Sources */,
			);
			runOnlyForDeploymentPostprocessing = 0;
		};
/* End PBXSourcesBuildPhase section */

/* Begin PBXTargetDependency section */
		FA69C7051D498B8D00D0A0A8 /* PBXTargetDependency */ = {
			isa = PBXTargetDependency;
			target = FA69C6EE1D498B8D00D0A0A8 /* hamburguesas */;
			targetProxy = FA69C7041D498B8D00D0A0A8 /* PBXContainerItemProxy */;
		};
		FA69C7101D498B8D00D0A0A8 /* PBXTargetDependency */ = {
			isa = PBXTargetDependency;
			target = FA69C6EE1D498B8D00D0A0A8 /* hamburguesas */;
			targetProxy = FA69C70F1D498B8D00D0A0A8 /* PBXContainerItemProxy */;
		};
/* End PBXTargetDependency section */

/* Begin PBXVariantGroup section */
		FA69C6F61D498B8D00D0A0A8 /* Main.storyboard */ = {
			isa = PBXVariantGroup;
			children = (
				FA69C6F71D498B8D00D0A0A8 /* Base */,
			);
			name = Main.storyboard;
			sourceTree = "<group>";
		};
		FA69C6FB1D498B8D00D0A0A8 /* LaunchScreen.storyboard */ = {
			isa = PBXVariantGroup;
			children = (
				FA69C6FC1D498B8D00D0A0A8 /* Base */,
			);
			name = LaunchScreen.storyboard;
			sourceTree = "<group>";
		};
/* End PBXVariantGroup section */

/* Begin XCBuildConfiguration section */
		FA69C7151D498B8D00D0A0A8 /* Debug */ = {
			isa = XCBuildConfiguration;
			buildSettings = {
				ALWAYS_SEARCH_USER_PATHS = NO;
				CLANG_ANALYZER_NONNULL = YES;
				CLANG_CXX_LANGUAGE_STANDARD = "gnu++0x";
				CLANG_CXX_LIBRARY = "libc++";
				CLANG_ENABLE_MODULES = YES;
				CLANG_ENABLE_OBJC_ARC = YES;
				CLANG_WARN_BOOL_CONVERSION = YES;
				CLANG_WARN_CONSTANT_CONVERSION = YES;
				CLANG_WARN_DIRECT_OBJC_ISA_USAGE = YES_ERROR;
				CLANG_WARN_EMPTY_BODY = YES;
				CLANG_WARN_ENUM_CONVERSION = YES;
				CLANG_WARN_INT_CONVERSION = YES;
				CLANG_WARN_OBJC_ROOT_CLASS = YES_ERROR;
				CLANG_WARN_UNREACHABLE_CODE = YES;
				CLANG_WARN__DUPLICATE_METHOD_MATCH = YES;
				"CODE_SIGN_IDENTITY[sdk=iphoneos*]" = "iPhone Developer";
				COPY_PHASE_STRIP = NO;
				DEBUG_INFORMATION_FORMAT = dwarf;
				ENABLE_STRICT_OBJC_MSGSEND = YES;
				ENABLE_TESTABILITY = YES;
				GCC_C_LANGUAGE_STANDARD = gnu99;
				GCC_DYNAMIC_NO_PIC = NO;
				GCC_NO_COMMON_BLOCKS = YES;
				GCC_OPTIMIZATION_LEVEL = 0;
				GCC_PREPROCESSOR_DEFINITIONS = (
					"DEBUG=1",
					"$(inherited)",
				);
				GCC_WARN_64_TO_32_BIT_CONVERSION = YES;
				GCC_WARN_ABOUT_RETURN_TYPE = YES_ERROR;
				GCC_WARN_UNDECLARED_SELECTOR = YES;
				GCC_WARN_UNINITIALIZED_AUTOS = YES_AGGRESSIVE;
				GCC_WARN_UNUSED_FUNCTION = YES;
				GCC_WARN_UNUSED_VARIABLE = YES;
				IPHONEOS_DEPLOYMENT_TARGET = 9.3;
				MTL_ENABLE_DEBUG_INFO = YES;
				ONLY_ACTIVE_ARCH = YES;
				SDKROOT = iphoneos;
				SWIFT_OPTIMIZATION_LEVEL = "-Onone";
			};
			name = Debug;
		};
		FA69C7161D498B8D00D0A0A8 /* Release */ = {
			isa = XCBuildConfiguration;
			buildSettings = {
				ALWAYS_SEARCH_USER_PATHS = NO;
				CLANG_ANALYZER_NONNULL = YES;
				CLANG_CXX_LANGUAGE_STANDARD = "gnu++0x";
				CLANG_CXX_LIBRARY = "libc++";
				CLANG_ENABLE_MODULES = YES;
				CLANG_ENABLE_OBJC_ARC = YES;
				CLANG_WARN_BOOL_CONVERSION = YES;
				CLANG_WARN_CONSTANT_CONVERSION = YES;
				CLANG_WARN_DIRECT_OBJC_ISA_USAGE = YES_ERROR;
				CLANG_WARN_EMPTY_BODY = YES;
				CLANG_WARN_ENUM_CONVERSION = YES;
				CLANG_WARN_INT_CONVERSION = YES;
				CLANG_WARN_OBJC_ROOT_CLASS = YES_ERROR;
				CLANG_WARN_UNREACHABLE_CODE = YES;
				CLANG_WARN__DUPLICATE_METHOD_MATCH = YES;
				"CODE_SIGN_IDENTITY[sdk=iphoneos*]" = "iPhone Developer";
				COPY_PHASE_STRIP = NO;
				DEBUG_INFORMATION_FORMAT = "dwarf-with-dsym";
				ENABLE_NS_ASSERTIONS = NO;
				ENABLE_STRICT_OBJC_MSGSEND = YES;
				GCC_C_LANGUAGE_STANDARD = gnu99;
				GCC_NO_COMMON_BLOCKS = YES;
				GCC_WARN_64_TO_32_BIT_CONVERSION = YES;
				GCC_WARN_ABOUT_RETURN_TYPE = YES_ERROR;
				GCC_WARN_UNDECLARED_SELECTOR = YES;
				GCC_WARN_UNINITIALIZED_AUTOS = YES_AGGRESSIVE;
				GCC_WARN_UNUSED_FUNCTION = YES;
				GCC_WARN_UNUSED_VARIABLE = YES;
				IPHONEOS_DEPLOYMENT_TARGET = 9.3;
				MTL_ENABLE_DEBUG_INFO = NO;
				SDKROOT = iphoneos;
				VALIDATE_PRODUCT = YES;
			};
			name = Release;
		};
		FA69C7181D498B8D00D0A0A8 /* Debug */ = {
			isa = XCBuildConfiguration;
			buildSettings = {
				ASSETCATALOG_COMPILER_APPICON_NAME = AppIcon;
				INFOPLIST_FILE = hamburguesas/Info.plist;
				LD_RUNPATH_SEARCH_PATHS = "$(inherited) @executable_path/Frameworks";
				PRODUCT_BUNDLE_IDENTIFIER = mx.ipn.cic.Rodrigo.hamburguesas;
				PRODUCT_NAME = "$(TARGET_NAME)";
			};
			name = Debug;
		};
		FA69C7191D498B8D00D0A0A8 /* Release */ = {
			isa = XCBuildConfiguration;
			buildSettings = {
				ASSETCATALOG_COMPILER_APPICON_NAME = AppIcon;
				INFOPLIST_FILE = hamburguesas/Info.plist;
				LD_RUNPATH_SEARCH_PATHS = "$(inherited) @executable_path/Frameworks";
				PRODUCT_BUNDLE_IDENTIFIER = mx.ipn.cic.Rodrigo.hamburguesas;
				PRODUCT_NAME = "$(TARGET_NAME)";
			};
			name = Release;
		};
		FA69C71B1D498B8D00D0A0A8 /* Debug */ = {
			isa = XCBuildConfiguration;
			buildSettings = {
				BUNDLE_LOADER = "$(TEST_HOST)";
				INFOPLIST_FILE = hamburguesasTests/Info.plist;
				LD_RUNPATH_SEARCH_PATHS = "$(inherited) @executable_path/Frameworks @loader_path/Frameworks";
				PRODUCT_BUNDLE_IDENTIFIER = mx.ipn.cic.Rodrigo.hamburguesasTests;
				PRODUCT_NAME = "$(TARGET_NAME)";
				TEST_HOST = "$(BUILT_PRODUCTS_DIR)/hamburguesas.app/hamburguesas";
			};
			name = Debug;
		};
		FA69C71C1D498B8D00D0A0A8 /* Release */ = {
			isa = XCBuildConfiguration;
			buildSettings = {
				BUNDLE_LOADER = "$(TEST_HOST)";
				INFOPLIST_FILE = hamburguesasTests/Info.plist;
				LD_RUNPATH_SEARCH_PATHS = "$(inherited) @executable_path/Frameworks @loader_path/Frameworks";
				PRODUCT_BUNDLE_IDENTIFIER = mx.ipn.cic.Rodrigo.hamburguesasTests;
				PRODUCT_NAME = "$(TARGET_NAME)";
				TEST_HOST = "$(BUILT_PRODUCTS_DIR)/hamburguesas.app/hamburguesas";
			};
			name = Release;
		};
		FA69C71E1D498B8D00D0A0A8 /* Debug */ = {
			isa = XCBuildConfiguration;
			buildSettings = {
				INFOPLIST_FILE = hamburguesasUITests/Info.plist;
				LD_RUNPATH_SEARCH_PATHS = "$(inherited) @executable_path/Frameworks @loader_path/Frameworks";
				PRODUCT_BUNDLE_IDENTIFIER = mx.ipn.cic.Rodrigo.hamburguesasUITests;
				PRODUCT_NAME = "$(TARGET_NAME)";
				TEST_TARGET_NAME = hamburguesas;
			};
			name = Debug;
		};
		FA69C71F1D498B8D00D0A0A8 /* Release */ = {
			isa = XCBuildConfiguration;
			buildSettings = {
				INFOPLIST_FILE = hamburguesasUITests/Info.plist;
				LD_RUNPATH_SEARCH_PATHS = "$(inherited) @executable_path/Frameworks @loader_path/Frameworks";
				PRODUCT_BUNDLE_IDENTIFIER = mx.ipn.cic.Rodrigo.hamburguesasUITests;
				PRODUCT_NAME = "$(TARGET_NAME)";
				TEST_TARGET_NAME = hamburguesas;
			};
			name = Release;
		};
/* End XCBuildConfiguration section */

/* Begin XCConfigurationList section */
		FA69C6EA1D498B8D00D0A0A8 /* Build configuration list for PBXProject "hamburguesas" */ = {
			isa = XCConfigurationList;
			buildConfigurations = (
				FA69C7151D498B8D00D0A0A8 /* Debug */,
				FA69C7161D498B8D00D0A0A8 /* Release */,
			);
			defaultConfigurationIsVisible = 0;
			defaultConfigurationName = Release;
		};
		FA69C7171D498B8D00D0A0A8 /* Build configuration list for PBXNativeTarget "hamburguesas" */ = {
			isa = XCConfigurationList;
			buildConfigurations = (
				FA69C7181D498B8D00D0A0A8 /* Debug */,
				FA69C7191D498B8D00D0A0A8 /* Release */,
			);
			defaultConfigurationIsVisible = 0;
		};
		FA69C71A1D498B8D00D0A0A8 /* Build configuration list for PBXNativeTarget "hamburguesasTests" */ = {
			isa = XCConfigurationList;
			buildConfigurations = (
				FA69C71B1D498B8D00D0A0A8 /* Debug */,
				FA69C71C1D498B8D00D0A0A8 /* Release */,
			);
			defaultConfigurationIsVisible = 0;
		};
		FA69C71D1D498B8D00D0A0A8 /* Build configuration list for PBXNativeTarget "hamburguesasUITests" */ = {
			isa = XCConfigurationList;
			buildConfigurations = (
				FA69C71E1D498B8D00D0A0A8 /* Debug */,
				FA69C71F1D498B8D00D0A0A8 /* Release */,
			);
			defaultConfigurationIsVisible = 0;
		};
/* End XCConfigurationList section */
	};
	rootObject = FA69C6E71D498B8D00D0A0A8 /* Project object */;
}
